
Microsoft Visual Studio Solution File, Format Version 12.00
# Visual Studio 15
VisualStudioVersion = 15.0.27130.2027
MinimumVisualStudioVersion = 10.0.40219.1
Project("{FAE04EC0-301F-11D3-BF4B-00C04F79EFBC}") = "Lab1HelloWorld", "Lab1HelloWorld\Lab1HelloWorld.csproj", "{61BF5295-9327-4D6A-88AD-42DFA882D268}"
EndProject
Global
	GlobalSection(SolutionConfigurationPlatforms) = preSolution
		Debug|Any CPU = Debug|Any CPU
		Release|Any CPU = Release|Any CPU
	EndGlobalSection
	GlobalSection(ProjectConfigurationPlatforms) = postSolution
		{61BF5295-9327-4D6A-88AD-42DFA882D268}.Debug|Any CPU.ActiveCfg = Debug|Any CPU
		{61BF5295-9327-4D6A-88AD-42DFA882D268}.Debug|Any CPU.Build.0 = Debug|Any CPU
		{61BF5295-9327-4D6A-88AD-42DFA882D268}.Release|Any CPU.ActiveCfg = Release|Any CPU
		{61BF5295-9327-4D6A-88AD-42DFA882D268}.Release|Any CPU.Build.0 = Release|Any CPU
	EndGlobalSection
	GlobalSection(SolutionProperties) = preSolution
		HideSolutionNode = FALSE
	EndGlobalSection
	GlobalSection(ExtensibilityGlobals) = postSolution
		SolutionGuid = {AF9CFF0D-2A5D-48A6-BDE6-7D79D6ECD44F}
	EndGlobalSection
EndGlobal
